
Microsoft Visual Studio Solution File, Format Version 12.00
# Visual Studio Version 17
VisualStudioVersion = 17.5.002.0
MinimumVisualStudioVersion = 10.0.40219.1
Project("{9A19103F-16F7-4668-BE54-9A1E7A4F7556}") = "DesafioProjetoHospedagem", "DesafioProjetoHospedagem.csproj", "{9B067031-1739-420F-9D1D-B95164CE51E0}"
EndProject
Global
	GlobalSection(SolutionConfigurationPlatforms) = preSolution
		Debug|Any CPU = Debug|Any CPU
		Release|Any CPU = Release|Any CPU
	EndGlobalSection
	GlobalSection(ProjectConfigurationPlatforms) = postSolution
		{9B067031-1739-420F-9D1D-B95164CE51E0}.Debug|Any CPU.ActiveCfg = Debug|Any CPU
		{9B067031-1739-420F-9D1D-B95164CE51E0}.Debug|Any CPU.Build.0 = Debug|Any CPU
		{9B067031-1739-420F-9D1D-B95164CE51E0}.Release|Any CPU.ActiveCfg = Release|Any CPU
		{9B067031-1739-420F-9D1D-B95164CE51E0}.Release|Any CPU.Build.0 = Release|Any CPU
	EndGlobalSection
	GlobalSection(SolutionProperties) = preSolution
		HideSolutionNode = FALSE
	EndGlobalSection
	GlobalSection(ExtensibilityGlobals) = postSolution
		SolutionGuid = {E462F7ED-A1D8-414F-A501-47CF4A7D4FA4}
	EndGlobalSection
EndGlobal
